
Microsoft Visual Studio Solution File, Format Version 12.00
# Visual Studio Version 16
VisualStudioVersion = 16.0.28803.452
MinimumVisualStudioVersion = 10.0.40219.1
Project("{FAE04EC0-301F-11D3-BF4B-00C04F79EFBC}") = "Sodavandsautomat", "Sodavandsautomat\Sodavandsautomat.csproj", "{CDA26623-4101-4EC8-980D-0B73C31CFF70}"
EndProject
Global
	GlobalSection(SolutionConfigurationPlatforms) = preSolution
		Debug|Any CPU = Debug|Any CPU
		Release|Any CPU = Release|Any CPU
	EndGlobalSection
	GlobalSection(ProjectConfigurationPlatforms) = postSolution
		{CDA26623-4101-4EC8-980D-0B73C31CFF70}.Debug|Any CPU.ActiveCfg = Debug|Any CPU
		{CDA26623-4101-4EC8-980D-0B73C31CFF70}.Debug|Any CPU.Build.0 = Debug|Any CPU
		{CDA26623-4101-4EC8-980D-0B73C31CFF70}.Release|Any CPU.ActiveCfg = Release|Any CPU
		{CDA26623-4101-4EC8-980D-0B73C31CFF70}.Release|Any CPU.Build.0 = Release|Any CPU
	EndGlobalSection
	GlobalSection(SolutionProperties) = preSolution
		HideSolutionNode = FALSE
	EndGlobalSection
	GlobalSection(ExtensibilityGlobals) = postSolution
		SolutionGuid = {20A8FF31-21C2-4B73-A09E-39E981D5ACC0}
	EndGlobalSection
EndGlobal
